// !$*UTF8*$!
{
	archiveVersion = 1;
	classes = {
	};
	objectVersion = 56;
	objects = {

/* Begin PBXBuildFile section */
		67063F3E29996FAB0043EA60 /* Encrypted_Password_VaultApp.swift in Sources */ = {isa = PBXBuildFile; fileRef = 67063F3D29996FAB0043EA60 /* Encrypted_Password_VaultApp.swift */; };
		67063F4029996FAB0043EA60 /* ContentView.swift in Sources */ = {isa = PBXBuildFile; fileRef = 67063F3F29996FAB0043EA60 /* ContentView.swift */; };
		67063F4229996FAC0043EA60 /* Assets.xcassets in Resources */ = {isa = PBXBuildFile; fileRef = 67063F4129996FAC0043EA60 /* Assets.xcassets */; };
		67063F4529996FAC0043EA60 /* Preview Assets.xcassets in Resources */ = {isa = PBXBuildFile; fileRef = 67063F4429996FAC0043EA60 /* Preview Assets.xcassets */; };
		67063F5029996FAD0043EA60 /* Encrypted_Password_VaultTests.swift in Sources */ = {isa = PBXBuildFile; fileRef = 67063F4F29996FAD0043EA60 /* Encrypted_Password_VaultTests.swift */; };
		67063F5A29996FAD0043EA60 /* Encrypted_Password_VaultUITests.swift in Sources */ = {isa = PBXBuildFile; fileRef = 67063F5929996FAD0043EA60 /* Encrypted_Password_VaultUITests.swift */; };
		67063F5C29996FAD0043EA60 /* Encrypted_Password_VaultUITestsLaunchTests.swift in Sources */ = {isa = PBXBuildFile; fileRef = 67063F5B29996FAD0043EA60 /* Encrypted_Password_VaultUITestsLaunchTests.swift */; };
		67063F6A299972B30043EA60 /* PythonKit in Frameworks */ = {isa = PBXBuildFile; productRef = 67063F69299972B30043EA60 /* PythonKit */; };
		67063F6E2999789A0043EA60 /* DataObject.swift in Sources */ = {isa = PBXBuildFile; fileRef = 67063F6D2999789A0043EA60 /* DataObject.swift */; };
		67AA50A1299D9D4000D89CF5 /* SystemConfiguration.framework in Frameworks */ = {isa = PBXBuildFile; fileRef = 67AA50A0299D9D4000D89CF5 /* SystemConfiguration.framework */; };
		67C1F972299D9DD700296A30 /* python-stdlib in Resources */ = {isa = PBXBuildFile; fileRef = 67C1F970299D9DD600296A30 /* python-stdlib */; };
		67C1F973299D9DD700296A30 /* Python.xcframework in Frameworks */ = {isa = PBXBuildFile; fileRef = 67C1F971299D9DD700296A30 /* Python.xcframework */; };
		67C1F977299DBC3800296A30 /* script_tests.py in Resources */ = {isa = PBXBuildFile; fileRef = 67C1F975299DBC3800296A30 /* script_tests.py */; };
		67C1F978299DBC3800296A30 /* script.py in Resources */ = {isa = PBXBuildFile; fileRef = 67C1F976299DBC3800296A30 /* script.py */; };
/* End PBXBuildFile section */

/* Begin PBXContainerItemProxy section */
		67063F4C29996FAD0043EA60 /* PBXContainerItemProxy */ = {
			isa = PBXContainerItemProxy;
			containerPortal = 67063F3229996FAB0043EA60 /* Project object */;
			proxyType = 1;
			remoteGlobalIDString = 67063F3929996FAB0043EA60;
			remoteInfo = "Encrypted Password Vault";
		};
		67063F5629996FAD0043EA60 /* PBXContainerItemProxy */ = {
			isa = PBXContainerItemProxy;
			containerPortal = 67063F3229996FAB0043EA60 /* Project object */;
			proxyType = 1;
			remoteGlobalIDString = 67063F3929996FAB0043EA60;
			remoteInfo = "Encrypted Password Vault";
		};
/* End PBXContainerItemProxy section */

/* Begin PBXFileReference section */
		67063F3A29996FAB0043EA60 /* Encrypted Password Vault.app */ = {isa = PBXFileReference; explicitFileType = wrapper.application; includeInIndex = 0; path = "Encrypted Password Vault.app"; sourceTree = BUILT_PRODUCTS_DIR; };
		67063F3D29996FAB0043EA60 /* Encrypted_Password_VaultApp.swift */ = {isa = PBXFileReference; lastKnownFileType = sourcecode.swift; path = Encrypted_Password_VaultApp.swift; sourceTree = "<group>"; };
		67063F3F29996FAB0043EA60 /* ContentView.swift */ = {isa = PBXFileReference; lastKnownFileType = sourcecode.swift; path = ContentView.swift; sourceTree = "<group>"; };
		67063F4129996FAC0043EA60 /* Assets.xcassets */ = {isa = PBXFileReference; lastKnownFileType = folder.assetcatalog; path = Assets.xcassets; sourceTree = "<group>"; };
		67063F4429996FAC0043EA60 /* Preview Assets.xcassets */ = {isa = PBXFileReference; lastKnownFileType = folder.assetcatalog; path = "Preview Assets.xcassets"; sourceTree = "<group>"; };
		67063F4629996FAC0043EA60 /* Encrypted_Password_Vault.entitlements */ = {isa = PBXFileReference; lastKnownFileType = text.plist.entitlements; path = Encrypted_Password_Vault.entitlements; sourceTree = "<group>"; };
		67063F4B29996FAD0043EA60 /* Encrypted Password VaultTests.xctest */ = {isa = PBXFileReference; explicitFileType = wrapper.cfbundle; includeInIndex = 0; path = "Encrypted Password VaultTests.xctest"; sourceTree = BUILT_PRODUCTS_DIR; };
		67063F4F29996FAD0043EA60 /* Encrypted_Password_VaultTests.swift */ = {isa = PBXFileReference; lastKnownFileType = sourcecode.swift; path = Encrypted_Password_VaultTests.swift; sourceTree = "<group>"; };
		67063F5529996FAD0043EA60 /* Encrypted Password VaultUITests.xctest */ = {isa = PBXFileReference; explicitFileType = wrapper.cfbundle; includeInIndex = 0; path = "Encrypted Password VaultUITests.xctest"; sourceTree = BUILT_PRODUCTS_DIR; };
		67063F5929996FAD0043EA60 /* Encrypted_Password_VaultUITests.swift */ = {isa = PBXFileReference; lastKnownFileType = sourcecode.swift; path = Encrypted_Password_VaultUITests.swift; sourceTree = "<group>"; };
		67063F5B29996FAD0043EA60 /* Encrypted_Password_VaultUITestsLaunchTests.swift */ = {isa = PBXFileReference; lastKnownFileType = sourcecode.swift; path = Encrypted_Password_VaultUITestsLaunchTests.swift; sourceTree = "<group>"; };
		67063F6D2999789A0043EA60 /* DataObject.swift */ = {isa = PBXFileReference; lastKnownFileType = sourcecode.swift; path = DataObject.swift; sourceTree = "<group>"; };
		67AA50A0299D9D4000D89CF5 /* SystemConfiguration.framework */ = {isa = PBXFileReference; lastKnownFileType = wrapper.framework; name = SystemConfiguration.framework; path = System/Library/Frameworks/SystemConfiguration.framework; sourceTree = SDKROOT; };
		67C1F970299D9DD600296A30 /* python-stdlib */ = {isa = PBXFileReference; lastKnownFileType = folder; path = "python-stdlib"; sourceTree = "<group>"; };
		67C1F971299D9DD700296A30 /* Python.xcframework */ = {isa = PBXFileReference; lastKnownFileType = wrapper.xcframework; path = Python.xcframework; sourceTree = "<group>"; };
		67C1F975299DBC3800296A30 /* script_tests.py */ = {isa = PBXFileReference; fileEncoding = 4; lastKnownFileType = text.script.python; name = script_tests.py; path = "python-stdlib/lib-dynload/script_tests.py"; sourceTree = "<group>"; };
		67C1F976299DBC3800296A30 /* script.py */ = {isa = PBXFileReference; fileEncoding = 4; lastKnownFileType = text.script.python; name = script.py; path = "python-stdlib/lib-dynload/script.py"; sourceTree = "<group>"; };
/* End PBXFileReference section */

/* Begin PBXFrameworksBuildPhase section */
		67063F3729996FAB0043EA60 /* Frameworks */ = {
			isa = PBXFrameworksBuildPhase;
			buildActionMask = 2147483647;
			files = (
				67063F6A299972B30043EA60 /* PythonKit in Frameworks */,
				67C1F973299D9DD700296A30 /* Python.xcframework in Frameworks */,
				67AA50A1299D9D4000D89CF5 /* SystemConfiguration.framework in Frameworks */,
			);
			runOnlyForDeploymentPostprocessing = 0;
		};
		67063F4829996FAD0043EA60 /* Frameworks */ = {
			isa = PBXFrameworksBuildPhase;
			buildActionMask = 2147483647;
			files = (
			);
			runOnlyForDeploymentPostprocessing = 0;
		};
		67063F5229996FAD0043EA60 /* Frameworks */ = {
			isa = PBXFrameworksBuildPhase;
			buildActionMask = 2147483647;
			files = (
			);
			runOnlyForDeploymentPostprocessing = 0;
		};
/* End PBXFrameworksBuildPhase section */

/* Begin PBXGroup section */
		67063F3129996FAB0043EA60 = {
			isa = PBXGroup;
			children = (
				67063F3C29996FAB0043EA60 /* Encrypted Password Vault */,
				67063F4E29996FAD0043EA60 /* Encrypted Password VaultTests */,
				67063F5829996FAD0043EA60 /* Encrypted Password VaultUITests */,
				67063F3B29996FAB0043EA60 /* Products */,
				67AA509F299D9D3F00D89CF5 /* Frameworks */,
			);
			sourceTree = "<group>";
		};
		67063F3B29996FAB0043EA60 /* Products */ = {
			isa = PBXGroup;
			children = (
				67063F3A29996FAB0043EA60 /* Encrypted Password Vault.app */,
				67063F4B29996FAD0043EA60 /* Encrypted Password VaultTests.xctest */,
				67063F5529996FAD0043EA60 /* Encrypted Password VaultUITests.xctest */,
			);
			name = Products;
			sourceTree = "<group>";
		};
		67063F3C29996FAB0043EA60 /* Encrypted Password Vault */ = {
			isa = PBXGroup;
			children = (
				67063F3D29996FAB0043EA60 /* Encrypted_Password_VaultApp.swift */,
				67C1F975299DBC3800296A30 /* script_tests.py */,
				67C1F976299DBC3800296A30 /* script.py */,
				67063F3F29996FAB0043EA60 /* ContentView.swift */,
				67063F6D2999789A0043EA60 /* DataObject.swift */,
				67C1F970299D9DD600296A30 /* python-stdlib */,
				67C1F971299D9DD700296A30 /* Python.xcframework */,
				67063F4129996FAC0043EA60 /* Assets.xcassets */,
				67063F4629996FAC0043EA60 /* Encrypted_Password_Vault.entitlements */,
				67063F4329996FAC0043EA60 /* Preview Content */,
			);
			path = "Encrypted Password Vault";
			sourceTree = "<group>";
		};
		67063F4329996FAC0043EA60 /* Preview Content */ = {
			isa = PBXGroup;
			children = (
				67063F4429996FAC0043EA60 /* Preview Assets.xcassets */,
			);
			path = "Preview Content";
			sourceTree = "<group>";
		};
		67063F4E29996FAD0043EA60 /* Encrypted Password VaultTests */ = {
			isa = PBXGroup;
			children = (
				67063F4F29996FAD0043EA60 /* Encrypted_Password_VaultTests.swift */,
			);
			path = "Encrypted Password VaultTests";
			sourceTree = "<group>";
		};
		67063F5829996FAD0043EA60 /* Encrypted Password VaultUITests */ = {
			isa = PBXGroup;
			children = (
				67063F5929996FAD0043EA60 /* Encrypted_Password_VaultUITests.swift */,
				67063F5B29996FAD0043EA60 /* Encrypted_Password_VaultUITestsLaunchTests.swift */,
			);
			path = "Encrypted Password VaultUITests";
			sourceTree = "<group>";
		};
		67AA509F299D9D3F00D89CF5 /* Frameworks */ = {
			isa = PBXGroup;
			children = (
				67AA50A0299D9D4000D89CF5 /* SystemConfiguration.framework */,
			);
			name = Frameworks;
			sourceTree = "<group>";
		};
/* End PBXGroup section */

/* Begin PBXNativeTarget section */
		67063F3929996FAB0043EA60 /* Encrypted Password Vault */ = {
			isa = PBXNativeTarget;
			buildConfigurationList = 67063F5F29996FAD0043EA60 /* Build configuration list for PBXNativeTarget "Encrypted Password Vault" */;
			buildPhases = (
				67063F3629996FAB0043EA60 /* Sources */,
				67063F3729996FAB0043EA60 /* Frameworks */,
				67063F3829996FAB0043EA60 /* Resources */,
				67C1F974299DA0DC00296A30 /* Sign Python Binary Modules */,
			);
			buildRules = (
			);
			dependencies = (
			);
			name = "Encrypted Password Vault";
			packageProductDependencies = (
				67063F69299972B30043EA60 /* PythonKit */,
			);
			productName = "Encrypted Password Vault";
			productReference = 67063F3A29996FAB0043EA60 /* Encrypted Password Vault.app */;
			productType = "com.apple.product-type.application";
		};
		67063F4A29996FAD0043EA60 /* Encrypted Password VaultTests */ = {
			isa = PBXNativeTarget;
			buildConfigurationList = 67063F6229996FAD0043EA60 /* Build configuration list for PBXNativeTarget "Encrypted Password VaultTests" */;
			buildPhases = (
				67063F4729996FAD0043EA60 /* Sources */,
				67063F4829996FAD0043EA60 /* Frameworks */,
				67063F4929996FAD0043EA60 /* Resources */,
			);
			buildRules = (
			);
			dependencies = (
				67063F4D29996FAD0043EA60 /* PBXTargetDependency */,
			);
			name = "Encrypted Password VaultTests";
			productName = "Encrypted Password VaultTests";
			productReference = 67063F4B29996FAD0043EA60 /* Encrypted Password VaultTests.xctest */;
			productType = "com.apple.product-type.bundle.unit-test";
		};
		67063F5429996FAD0043EA60 /* Encrypted Password VaultUITests */ = {
			isa = PBXNativeTarget;
			buildConfigurationList = 67063F6529996FAD0043EA60 /* Build configuration list for PBXNativeTarget "Encrypted Password VaultUITests" */;
			buildPhases = (
				67063F5129996FAD0043EA60 /* Sources */,
				67063F5229996FAD0043EA60 /* Frameworks */,
				67063F5329996FAD0043EA60 /* Resources */,
			);
			buildRules = (
			);
			dependencies = (
				67063F5729996FAD0043EA60 /* PBXTargetDependency */,
			);
			name = "Encrypted Password VaultUITests";
			productName = "Encrypted Password VaultUITests";
			productReference = 67063F5529996FAD0043EA60 /* Encrypted Password VaultUITests.xctest */;
			productType = "com.apple.product-type.bundle.ui-testing";
		};
/* End PBXNativeTarget section */

/* Begin PBXProject section */
		67063F3229996FAB0043EA60 /* Project object */ = {
			isa = PBXProject;
			attributes = {
				BuildIndependentTargetsInParallel = 1;
				LastSwiftUpdateCheck = 1420;
				LastUpgradeCheck = 1420;
				TargetAttributes = {
					67063F3929996FAB0043EA60 = {
						CreatedOnToolsVersion = 14.2;
					};
					67063F4A29996FAD0043EA60 = {
						CreatedOnToolsVersion = 14.2;
						TestTargetID = 67063F3929996FAB0043EA60;
					};
					67063F5429996FAD0043EA60 = {
						CreatedOnToolsVersion = 14.2;
						TestTargetID = 67063F3929996FAB0043EA60;
					};
				};
			};
			buildConfigurationList = 67063F3529996FAB0043EA60 /* Build configuration list for PBXProject "Encrypted Password Vault" */;
			compatibilityVersion = "Xcode 14.0";
			developmentRegion = en;
			hasScannedForEncodings = 0;
			knownRegions = (
				en,
				Base,
			);
			mainGroup = 67063F3129996FAB0043EA60;
			packageReferences = (
				67063F68299972B30043EA60 /* XCRemoteSwiftPackageReference "PythonKit" */,
			);
			productRefGroup = 67063F3B29996FAB0043EA60 /* Products */;
			projectDirPath = "";
			projectRoot = "";
			targets = (
				67063F3929996FAB0043EA60 /* Encrypted Password Vault */,
				67063F4A29996FAD0043EA60 /* Encrypted Password VaultTests */,
				67063F5429996FAD0043EA60 /* Encrypted Password VaultUITests */,
			);
		};
/* End PBXProject section */

/* Begin PBXResourcesBuildPhase section */
		67063F3829996FAB0043EA60 /* Resources */ = {
			isa = PBXResourcesBuildPhase;
			buildActionMask = 2147483647;
			files = (
				67063F4529996FAC0043EA60 /* Preview Assets.xcassets in Resources */,
				67C1F977299DBC3800296A30 /* script_tests.py in Resources */,
				67C1F972299D9DD700296A30 /* python-stdlib in Resources */,
				67063F4229996FAC0043EA60 /* Assets.xcassets in Resources */,
				67C1F978299DBC3800296A30 /* script.py in Resources */,
			);
			runOnlyForDeploymentPostprocessing = 0;
		};
		67063F4929996FAD0043EA60 /* Resources */ = {
			isa = PBXResourcesBuildPhase;
			buildActionMask = 2147483647;
			files = (
			);
			runOnlyForDeploymentPostprocessing = 0;
		};
		67063F5329996FAD0043EA60 /* Resources */ = {
			isa = PBXResourcesBuildPhase;
			buildActionMask = 2147483647;
			files = (
			);
			runOnlyForDeploymentPostprocessing = 0;
		};
/* End PBXResourcesBuildPhase section */

/* Begin PBXShellScriptBuildPhase section */
		67C1F974299DA0DC00296A30 /* Sign Python Binary Modules */ = {
			isa = PBXShellScriptBuildPhase;
			buildActionMask = 2147483647;
			files = (
			);
			inputFileListPaths = (
			);
			inputPaths = (
			);
			name = "Sign Python Binary Modules";
			outputFileListPaths = (
			);
			outputPaths = (
			);
			runOnlyForDeploymentPostprocessing = 0;
			shellPath = /bin/sh;
			shellScript = "# Type a script or drag a script file from your workspace to insert its path.\nset -e\necho \"Signing as $EXPANDED_CODE_SIGN_IDENTITY_NAME ($EXPANDED_CODE_SIGN_IDENTITY)\"\nfind \"$CODESIGNING_FOLDER_PATH/Contents/Resources/python-stdlib/lib-dynload\" -name \"*.so\" -exec /usr/bin/codesign --force --sign \"$EXPANDED_CODE_SIGN_IDENTITY\" -o runtime --timestamp=none --preserve-metadata=identifier,entitlements,flags --generate-entitlement-der {} \\;\n";
		};
/* End PBXShellScriptBuildPhase section */

/* Begin PBXSourcesBuildPhase section */
		67063F3629996FAB0043EA60 /* Sources */ = {
			isa = PBXSourcesBuildPhase;
			buildActionMask = 2147483647;
			files = (
				67063F6E2999789A0043EA60 /* DataObject.swift in Sources */,
				67063F4029996FAB0043EA60 /* ContentView.swift in Sources */,
				67063F3E29996FAB0043EA60 /* Encrypted_Password_VaultApp.swift in Sources */,
			);
			runOnlyForDeploymentPostprocessing = 0;
		};
		67063F4729996FAD0043EA60 /* Sources */ = {
			isa = PBXSourcesBuildPhase;
			buildActionMask = 2147483647;
			files = (
				67063F5029996FAD0043EA60 /* Encrypted_Password_VaultTests.swift in Sources */,
			);
			runOnlyForDeploymentPostprocessing = 0;
		};
		67063F5129996FAD0043EA60 /* Sources */ = {
			isa = PBXSourcesBuildPhase;
			buildActionMask = 2147483647;
			files = (
				67063F5A29996FAD0043EA60 /* Encrypted_Password_VaultUITests.swift in Sources */,
				67063F5C29996FAD0043EA60 /* Encrypted_Password_VaultUITestsLaunchTests.swift in Sources */,
			);
			runOnlyForDeploymentPostprocessing = 0;
		};
/* End PBXSourcesBuildPhase section */

/* Begin PBXTargetDependency section */
		67063F4D29996FAD0043EA60 /* PBXTargetDependency */ = {
			isa = PBXTargetDependency;
			target = 67063F3929996FAB0043EA60 /* Encrypted Password Vault */;
			targetProxy = 67063F4C29996FAD0043EA60 /* PBXContainerItemProxy */;
		};
		67063F5729996FAD0043EA60 /* PBXTargetDependency */ = {
			isa = PBXTargetDependency;
			target = 67063F3929996FAB0043EA60 /* Encrypted Password Vault */;
			targetProxy = 67063F5629996FAD0043EA60 /* PBXContainerItemProxy */;
		};
/* End PBXTargetDependency section */

/* Begin XCBuildConfiguration section */
		67063F5D29996FAD0043EA60 /* Debug */ = {
			isa = XCBuildConfiguration;
			buildSettings = {
				ALWAYS_SEARCH_USER_PATHS = NO;
				CLANG_ANALYZER_NONNULL = YES;
				CLANG_ANALYZER_NUMBER_OBJECT_CONVERSION = YES_AGGRESSIVE;
				CLANG_CXX_LANGUAGE_STANDARD = "gnu++20";
				CLANG_ENABLE_MODULES = YES;
				CLANG_ENABLE_OBJC_ARC = YES;
				CLANG_ENABLE_OBJC_WEAK = YES;
				CLANG_WARN_BLOCK_CAPTURE_AUTORELEASING = YES;
				CLANG_WARN_BOOL_CONVERSION = YES;
				CLANG_WARN_COMMA = YES;
				CLANG_WARN_CONSTANT_CONVERSION = YES;
				CLANG_WARN_DEPRECATED_OBJC_IMPLEMENTATIONS = YES;
				CLANG_WARN_DIRECT_OBJC_ISA_USAGE = YES_ERROR;
				CLANG_WARN_DOCUMENTATION_COMMENTS = YES;
				CLANG_WARN_EMPTY_BODY = YES;
				CLANG_WARN_ENUM_CONVERSION = YES;
				CLANG_WARN_INFINITE_RECURSION = YES;
				CLANG_WARN_INT_CONVERSION = YES;
				CLANG_WARN_NON_LITERAL_NULL_CONVERSION = YES;
				CLANG_WARN_OBJC_IMPLICIT_RETAIN_SELF = YES;
				CLANG_WARN_OBJC_LITERAL_CONVERSION = YES;
				CLANG_WARN_OBJC_ROOT_CLASS = YES_ERROR;
				CLANG_WARN_QUOTED_INCLUDE_IN_FRAMEWORK_HEADER = YES;
				CLANG_WARN_RANGE_LOOP_ANALYSIS = YES;
				CLANG_WARN_STRICT_PROTOTYPES = YES;
				CLANG_WARN_SUSPICIOUS_MOVE = YES;
				CLANG_WARN_UNGUARDED_AVAILABILITY = YES_AGGRESSIVE;
				CLANG_WARN_UNREACHABLE_CODE = YES;
				CLANG_WARN__DUPLICATE_METHOD_MATCH = YES;
				COPY_PHASE_STRIP = NO;
				DEBUG_INFORMATION_FORMAT = dwarf;
				ENABLE_STRICT_OBJC_MSGSEND = YES;
				ENABLE_TESTABILITY = YES;
				GCC_C_LANGUAGE_STANDARD = gnu11;
				GCC_DYNAMIC_NO_PIC = NO;
				GCC_NO_COMMON_BLOCKS = YES;
				GCC_OPTIMIZATION_LEVEL = 0;
				GCC_PREPROCESSOR_DEFINITIONS = (
					"DEBUG=1",
					"$(inherited)",
				);
				GCC_WARN_64_TO_32_BIT_CONVERSION = YES;
				GCC_WARN_ABOUT_RETURN_TYPE = YES_ERROR;
				GCC_WARN_UNDECLARED_SELECTOR = YES;
				GCC_WARN_UNINITIALIZED_AUTOS = YES_AGGRESSIVE;
				GCC_WARN_UNUSED_FUNCTION = YES;
				GCC_WARN_UNUSED_VARIABLE = YES;
				MACOSX_DEPLOYMENT_TARGET = 13.1;
				MTL_ENABLE_DEBUG_INFO = INCLUDE_SOURCE;
				MTL_FAST_MATH = YES;
				ONLY_ACTIVE_ARCH = YES;
				SDKROOT = macosx;
				SWIFT_ACTIVE_COMPILATION_CONDITIONS = DEBUG;
				SWIFT_OPTIMIZATION_LEVEL = "-Onone";
			};
			name = Debug;
		};
		67063F5E29996FAD0043EA60 /* Release */ = {
			isa = XCBuildConfiguration;
			buildSettings = {
				ALWAYS_SEARCH_USER_PATHS = NO;
				CLANG_ANALYZER_NONNULL = YES;
				CLANG_ANALYZER_NUMBER_OBJECT_CONVERSION = YES_AGGRESSIVE;
				CLANG_CXX_LANGUAGE_STANDARD = "gnu++20";
				CLANG_ENABLE_MODULES = YES;
				CLANG_ENABLE_OBJC_ARC = YES;
				CLANG_ENABLE_OBJC_WEAK = YES;
				CLANG_WARN_BLOCK_CAPTURE_AUTORELEASING = YES;
				CLANG_WARN_BOOL_CONVERSION = YES;
				CLANG_WARN_COMMA = YES;
				CLANG_WARN_CONSTANT_CONVERSION = YES;
				CLANG_WARN_DEPRECATED_OBJC_IMPLEMENTATIONS = YES;
				CLANG_WARN_DIRECT_OBJC_ISA_USAGE = YES_ERROR;
				CLANG_WARN_DOCUMENTATION_COMMENTS = YES;
				CLANG_WARN_EMPTY_BODY = YES;
				CLANG_WARN_ENUM_CONVERSION = YES;
				CLANG_WARN_INFINITE_RECURSION = YES;
				CLANG_WARN_INT_CONVERSION = YES;
				CLANG_WARN_NON_LITERAL_NULL_CONVERSION = YES;
				CLANG_WARN_OBJC_IMPLICIT_RETAIN_SELF = YES;
				CLANG_WARN_OBJC_LITERAL_CONVERSION = YES;
				CLANG_WARN_OBJC_ROOT_CLASS = YES_ERROR;
				CLANG_WARN_QUOTED_INCLUDE_IN_FRAMEWORK_HEADER = YES;
				CLANG_WARN_RANGE_LOOP_ANALYSIS = YES;
				CLANG_WARN_STRICT_PROTOTYPES = YES;
				CLANG_WARN_SUSPICIOUS_MOVE = YES;
				CLANG_WARN_UNGUARDED_AVAILABILITY = YES_AGGRESSIVE;
				CLANG_WARN_UNREACHABLE_CODE = YES;
				CLANG_WARN__DUPLICATE_METHOD_MATCH = YES;
				COPY_PHASE_STRIP = NO;
				DEBUG_INFORMATION_FORMAT = "dwarf-with-dsym";
				ENABLE_NS_ASSERTIONS = NO;
				ENABLE_STRICT_OBJC_MSGSEND = YES;
				GCC_C_LANGUAGE_STANDARD = gnu11;
				GCC_NO_COMMON_BLOCKS = YES;
				GCC_WARN_64_TO_32_BIT_CONVERSION = YES;
				GCC_WARN_ABOUT_RETURN_TYPE = YES_ERROR;
				GCC_WARN_UNDECLARED_SELECTOR = YES;
				GCC_WARN_UNINITIALIZED_AUTOS = YES_AGGRESSIVE;
				GCC_WARN_UNUSED_FUNCTION = YES;
				GCC_WARN_UNUSED_VARIABLE = YES;
				MACOSX_DEPLOYMENT_TARGET = 13.1;
				MTL_ENABLE_DEBUG_INFO = NO;
				MTL_FAST_MATH = YES;
				SDKROOT = macosx;
				SWIFT_COMPILATION_MODE = wholemodule;
				SWIFT_OPTIMIZATION_LEVEL = "-O";
			};
			name = Release;
		};
		67063F6029996FAD0043EA60 /* Debug */ = {
			isa = XCBuildConfiguration;
			buildSettings = {
				ASSETCATALOG_COMPILER_APPICON_NAME = AppIcon;
				ASSETCATALOG_COMPILER_GLOBAL_ACCENT_COLOR_NAME = AccentColor;
				CODE_SIGN_ENTITLEMENTS = "Encrypted Password Vault/Encrypted_Password_Vault.entitlements";
				CODE_SIGN_STYLE = Automatic;
				COMBINE_HIDPI_IMAGES = YES;
				CURRENT_PROJECT_VERSION = 1;
				DEVELOPMENT_ASSET_PATHS = "\"Encrypted Password Vault/Preview Content\"";
				DEVELOPMENT_TEAM = "";
				ENABLE_PREVIEWS = YES;
				GENERATE_INFOPLIST_FILE = YES;
				INFOPLIST_KEY_NSHumanReadableCopyright = "";
				LD_RUNPATH_SEARCH_PATHS = (
					"$(inherited)",
					"@executable_path/../Frameworks",
				);
				MARKETING_VERSION = 1.0;
				PRODUCT_BUNDLE_IDENTIFIER = "Alex-Luu.Encrypted-Password-Vault";
				PRODUCT_NAME = "$(TARGET_NAME)";
				SWIFT_EMIT_LOC_STRINGS = YES;
				SWIFT_VERSION = 5.0;
			};
			name = Debug;
		};
		67063F6129996FAD0043EA60 /* Release */ = {
			isa = XCBuildConfiguration;
			buildSettings = {
				ASSETCATALOG_COMPILER_APPICON_NAME = AppIcon;
				ASSETCATALOG_COMPILER_GLOBAL_ACCENT_COLOR_NAME = AccentColor;
				CODE_SIGN_ENTITLEMENTS = "Encrypted Password Vault/Encrypted_Password_Vault.entitlements";
				CODE_SIGN_STYLE = Automatic;
				COMBINE_HIDPI_IMAGES = YES;
				CURRENT_PROJECT_VERSION = 1;
				DEVELOPMENT_ASSET_PATHS = "\"Encrypted Password Vault/Preview Content\"";
				DEVELOPMENT_TEAM = "";
				ENABLE_PREVIEWS = YES;
				GENERATE_INFOPLIST_FILE = YES;
				INFOPLIST_KEY_NSHumanReadableCopyright = "";
				LD_RUNPATH_SEARCH_PATHS = (
					"$(inherited)",
					"@executable_path/../Frameworks",
				);
				MARKETING_VERSION = 1.0;
				PRODUCT_BUNDLE_IDENTIFIER = "Alex-Luu.Encrypted-Password-Vault";
				PRODUCT_NAME = "$(TARGET_NAME)";
				SWIFT_EMIT_LOC_STRINGS = YES;
				SWIFT_VERSION = 5.0;
			};
			name = Release;
		};
		67063F6329996FAD0043EA60 /* Debug */ = {
			isa = XCBuildConfiguration;
			buildSettings = {
				ALWAYS_EMBED_SWIFT_STANDARD_LIBRARIES = YES;
				BUNDLE_LOADER = "$(TEST_HOST)";
				CODE_SIGN_STYLE = Automatic;
				CURRENT_PROJECT_VERSION = 1;
				GENERATE_INFOPLIST_FILE = YES;
				MACOSX_DEPLOYMENT_TARGET = 13.1;
				MARKETING_VERSION = 1.0;
				PRODUCT_BUNDLE_IDENTIFIER = "Alex-Luu.Encrypted-Password-VaultTests";
				PRODUCT_NAME = "$(TARGET_NAME)";
				SWIFT_EMIT_LOC_STRINGS = NO;
				SWIFT_VERSION = 5.0;
				TEST_HOST = "$(BUILT_PRODUCTS_DIR)/Encrypted Password Vault.app/$(BUNDLE_EXECUTABLE_FOLDER_PATH)/Encrypted Password Vault";
			};
			name = Debug;
		};
		67063F6429996FAD0043EA60 /* Release */ = {
			isa = XCBuildConfiguration;
			buildSettings = {
				ALWAYS_EMBED_SWIFT_STANDARD_LIBRARIES = YES;
				BUNDLE_LOADER = "$(TEST_HOST)";
				CODE_SIGN_STYLE = Automatic;
				CURRENT_PROJECT_VERSION = 1;
				GENERATE_INFOPLIST_FILE = YES;
				MACOSX_DEPLOYMENT_TARGET = 13.1;
				MARKETING_VERSION = 1.0;
				PRODUCT_BUNDLE_IDENTIFIER = "Alex-Luu.Encrypted-Password-VaultTests";
				PRODUCT_NAME = "$(TARGET_NAME)";
				SWIFT_EMIT_LOC_STRINGS = NO;
				SWIFT_VERSION = 5.0;
				TEST_HOST = "$(BUILT_PRODUCTS_DIR)/Encrypted Password Vault.app/$(BUNDLE_EXECUTABLE_FOLDER_PATH)/Encrypted Password Vault";
			};
			name = Release;
		};
		67063F6629996FAD0043EA60 /* Debug */ = {
			isa = XCBuildConfiguration;
			buildSettings = {
				ALWAYS_EMBED_SWIFT_STANDARD_LIBRARIES = YES;
				CODE_SIGN_STYLE = Automatic;
				CURRENT_PROJECT_VERSION = 1;
				GENERATE_INFOPLIST_FILE = YES;
				MARKETING_VERSION = 1.0;
				PRODUCT_BUNDLE_IDENTIFIER = "Alex-Luu.Encrypted-Password-VaultUITests";
				PRODUCT_NAME = "$(TARGET_NAME)";
				SWIFT_EMIT_LOC_STRINGS = NO;
				SWIFT_VERSION = 5.0;
				TEST_TARGET_NAME = "Encrypted Password Vault";
			};
			name = Debug;
		};
		67063F6729996FAD0043EA60 /* Release */ = {
			isa = XCBuildConfiguration;
			buildSettings = {
				ALWAYS_EMBED_SWIFT_STANDARD_LIBRARIES = YES;
				CODE_SIGN_STYLE = Automatic;
				CURRENT_PROJECT_VERSION = 1;
				GENERATE_INFOPLIST_FILE = YES;
				MARKETING_VERSION = 1.0;
				PRODUCT_BUNDLE_IDENTIFIER = "Alex-Luu.Encrypted-Password-VaultUITests";
				PRODUCT_NAME = "$(TARGET_NAME)";
				SWIFT_EMIT_LOC_STRINGS = NO;
				SWIFT_VERSION = 5.0;
				TEST_TARGET_NAME = "Encrypted Password Vault";
			};
			name = Release;
		};
/* End XCBuildConfiguration section */

/* Begin XCConfigurationList section */
		67063F3529996FAB0043EA60 /* Build configuration list for PBXProject "Encrypted Password Vault" */ = {
			isa = XCConfigurationList;
			buildConfigurations = (
				67063F5D29996FAD0043EA60 /* Debug */,
				67063F5E29996FAD0043EA60 /* Release */,
			);
			defaultConfigurationIsVisible = 0;
			defaultConfigurationName = Release;
		};
		67063F5F29996FAD0043EA60 /* Build configuration list for PBXNativeTarget "Encrypted Password Vault" */ = {
			isa = XCConfigurationList;
			buildConfigurations = (
				67063F6029996FAD0043EA60 /* Debug */,
				67063F6129996FAD0043EA60 /* Release */,
			);
			defaultConfigurationIsVisible = 0;
			defaultConfigurationName = Release;
		};
		67063F6229996FAD0043EA60 /* Build configuration list for PBXNativeTarget "Encrypted Password VaultTests" */ = {
			isa = XCConfigurationList;
			buildConfigurations = (
				67063F6329996FAD0043EA60 /* Debug */,
				67063F6429996FAD0043EA60 /* Release */,
			);
			defaultConfigurationIsVisible = 0;
			defaultConfigurationName = Release;
		};
		67063F6529996FAD0043EA60 /* Build configuration list for PBXNativeTarget "Encrypted Password VaultUITests" */ = {
			isa = XCConfigurationList;
			buildConfigurations = (
				67063F6629996FAD0043EA60 /* Debug */,
				67063F6729996FAD0043EA60 /* Release */,
			);
			defaultConfigurationIsVisible = 0;
			defaultConfigurationName = Release;
		};
/* End XCConfigurationList section */

/* Begin XCRemoteSwiftPackageReference section */
		67063F68299972B30043EA60 /* XCRemoteSwiftPackageReference "PythonKit" */ = {
			isa = XCRemoteSwiftPackageReference;
			repositoryURL = "https://github.com/pvieito/PythonKit";
			requirement = {
				branch = master;
				kind = branch;
			};
		};
/* End XCRemoteSwiftPackageReference section */

/* Begin XCSwiftPackageProductDependency section */
		67063F69299972B30043EA60 /* PythonKit */ = {
			isa = XCSwiftPackageProductDependency;
			package = 67063F68299972B30043EA60 /* XCRemoteSwiftPackageReference "PythonKit" */;
			productName = PythonKit;
		};
/* End XCSwiftPackageProductDependency section */
	};
	rootObject = 67063F3229996FAB0043EA60 /* Project object */;
}
